
Microsoft Visual Studio Solution File, Format Version 12.00
# Visual Studio 15
VisualStudioVersion = 15.0.26430.16
MinimumVisualStudioVersion = 10.0.40219.1
Project("{8BC9CEB8-8B4A-11D0-8D11-00A0C91BC942}") = "zero", "zero.vcxproj", "{D489F4F1-A042-BDC8-BA49-B60B7598187E}"
EndProject
Project("{2150E333-8FDC-42A3-9474-1A3956D46DE8}") = "Solution Items", "Solution Items", "{DB4AAB05-C64C-4951-A376-F16E6C7DAC3F}"
	ProjectSection(SolutionItems) = preProject
		Handout.pdf = Handout.pdf
	EndProjectSection
EndProject
Global
	GlobalSection(SolutionConfigurationPlatforms) = preSolution
		Debug|Win32 = Debug|Win32
		Release|Win32 = Release|Win32
	EndGlobalSection
	GlobalSection(ProjectConfigurationPlatforms) = postSolution
		{D489F4F1-A042-BDC8-BA49-B60B7598187E}.Debug|Win32.ActiveCfg = Debug|Win32
		{D489F4F1-A042-BDC8-BA49-B60B7598187E}.Debug|Win32.Build.0 = Debug|Win32
		{D489F4F1-A042-BDC8-BA49-B60B7598187E}.Release|Win32.ActiveCfg = Release|Win32
		{D489F4F1-A042-BDC8-BA49-B60B7598187E}.Release|Win32.Build.0 = Release|Win32
	EndGlobalSection
	GlobalSection(SolutionProperties) = preSolution
		HideSolutionNode = FALSE
	EndGlobalSection
EndGlobal
